
Microsoft Visual Studio Solution File, Format Version 12.00
# Visual Studio Version 18
VisualStudioVersion = 18.0.11222.15 d18.0
MinimumVisualStudioVersion = 10.0.40219.1
Project("{2150E333-8FDC-42A3-9474-1A3956D46DE8}") = "Game", "Game", "{6695C55D-524D-07AB-BB54-E006A72BA29B}"
EndProject
Project("{8BC9CEB8-8B4A-11D0-8D11-00A0C91BC942}") = "YMain", "YMain\YMain.vcxproj", "{C368750E-2F7D-9DBF-F8FE-401F64D299F0}"
	ProjectSection(ProjectDependencies) = postProject
		{F81E720E-6433-9ABF-2DB5-3D1F998896F0} = {F81E720E-6433-9ABF-2DB5-3D1F998896F0}
	EndProjectSection
EndProject
Project("{8BC9CEB8-8B4A-11D0-8D11-00A0C91BC942}") = "YGame", "YGame\YGame.vcxproj", "{F81E720E-6433-9ABF-2DB5-3D1F998896F0}"
EndProject
Project("{2150E333-8FDC-42A3-9474-1A3956D46DE8}") = "Engine", "Engine", "{8249BEE1-6EAC-4D86-1732-863C03741909}"
EndProject
Project("{8BC9CEB8-8B4A-11D0-8D11-00A0C91BC942}") = "YMath", "YMath\YMath.vcxproj", "{286A750E-947E-9DBF-5D00-411FC9D399F0}"
EndProject
Project("{8BC9CEB8-8B4A-11D0-8D11-00A0C91BC942}") = "YoRigine", "YEngine\YoRigine.vcxproj", "{ABFC03C6-97C9-5ED1-C0E2-4C79AC0E945F}"
	ProjectSection(ProjectDependencies) = postProject
		{371B9FA9-4C90-4AC6-A123-ACED756D6C77} = {371B9FA9-4C90-4AC6-A123-ACED756D6C77}
	EndProjectSection
EndProject
Project("{2150E333-8FDC-42A3-9474-1A3956D46DE8}") = "Externals", "Externals", "{C2B28EB3-2E3E-FC77-374F-7F6CA3595878}"
EndProject
Project("{8BC9CEB8-8B4A-11D0-8D11-00A0C91BC942}") = "DirectXTex", "Externals\DirectXTex\DirectXTex_Desktop_2022_Win10.vcxproj", "{371B9FA9-4C90-4AC6-A123-ACED756D6C77}"
EndProject
Project("{8BC9CEB8-8B4A-11D0-8D11-00A0C91BC942}") = "ImGui", "Externals\ImGui\ImGui.vcxproj", "{6E335BC2-0464-425A-B059-FAC8526AF405}"
EndProject
Global
	GlobalSection(SolutionConfigurationPlatforms) = preSolution
		Debug|x64 = Debug|x64
		Release|x64 = Release|x64
	EndGlobalSection
	GlobalSection(ProjectConfigurationPlatforms) = postSolution
		{C368750E-2F7D-9DBF-F8FE-401F64D299F0}.Debug|x64.ActiveCfg = Debug|x64
		{C368750E-2F7D-9DBF-F8FE-401F64D299F0}.Debug|x64.Build.0 = Debug|x64
		{C368750E-2F7D-9DBF-F8FE-401F64D299F0}.Release|x64.ActiveCfg = Release|x64
		{C368750E-2F7D-9DBF-F8FE-401F64D299F0}.Release|x64.Build.0 = Release|x64
		{F81E720E-6433-9ABF-2DB5-3D1F998896F0}.Debug|x64.ActiveCfg = Debug|x64
		{F81E720E-6433-9ABF-2DB5-3D1F998896F0}.Debug|x64.Build.0 = Debug|x64
		{F81E720E-6433-9ABF-2DB5-3D1F998896F0}.Release|x64.ActiveCfg = Release|x64
		{F81E720E-6433-9ABF-2DB5-3D1F998896F0}.Release|x64.Build.0 = Release|x64
		{286A750E-947E-9DBF-5D00-411FC9D399F0}.Debug|x64.ActiveCfg = Debug|x64
		{286A750E-947E-9DBF-5D00-411FC9D399F0}.Debug|x64.Build.0 = Debug|x64
		{286A750E-947E-9DBF-5D00-411FC9D399F0}.Release|x64.ActiveCfg = Release|x64
		{286A750E-947E-9DBF-5D00-411FC9D399F0}.Release|x64.Build.0 = Release|x64
		{ABFC03C6-97C9-5ED1-C0E2-4C79AC0E945F}.Debug|x64.ActiveCfg = Debug|x64
		{ABFC03C6-97C9-5ED1-C0E2-4C79AC0E945F}.Debug|x64.Build.0 = Debug|x64
		{ABFC03C6-97C9-5ED1-C0E2-4C79AC0E945F}.Release|x64.ActiveCfg = Release|x64
		{ABFC03C6-97C9-5ED1-C0E2-4C79AC0E945F}.Release|x64.Build.0 = Release|x64
		{371B9FA9-4C90-4AC6-A123-ACED756D6C77}.Debug|x64.ActiveCfg = Debug|x64
		{371B9FA9-4C90-4AC6-A123-ACED756D6C77}.Debug|x64.Build.0 = Debug|x64
		{371B9FA9-4C90-4AC6-A123-ACED756D6C77}.Release|x64.ActiveCfg = Release|x64
		{371B9FA9-4C90-4AC6-A123-ACED756D6C77}.Release|x64.Build.0 = Release|x64
		{6E335BC2-0464-425A-B059-FAC8526AF405}.Debug|x64.ActiveCfg = Debug|x64
		{6E335BC2-0464-425A-B059-FAC8526AF405}.Debug|x64.Build.0 = Debug|x64
		{6E335BC2-0464-425A-B059-FAC8526AF405}.Release|x64.ActiveCfg = Release|x64
		{6E335BC2-0464-425A-B059-FAC8526AF405}.Release|x64.Build.0 = Release|x64
	EndGlobalSection
	GlobalSection(SolutionProperties) = preSolution
		HideSolutionNode = FALSE
	EndGlobalSection
	GlobalSection(NestedProjects) = preSolution
		{C368750E-2F7D-9DBF-F8FE-401F64D299F0} = {6695C55D-524D-07AB-BB54-E006A72BA29B}
		{F81E720E-6433-9ABF-2DB5-3D1F998896F0} = {6695C55D-524D-07AB-BB54-E006A72BA29B}
		{286A750E-947E-9DBF-5D00-411FC9D399F0} = {8249BEE1-6EAC-4D86-1732-863C03741909}
		{ABFC03C6-97C9-5ED1-C0E2-4C79AC0E945F} = {8249BEE1-6EAC-4D86-1732-863C03741909}
		{371B9FA9-4C90-4AC6-A123-ACED756D6C77} = {C2B28EB3-2E3E-FC77-374F-7F6CA3595878}
		{6E335BC2-0464-425A-B059-FAC8526AF405} = {C2B28EB3-2E3E-FC77-374F-7F6CA3595878}
	EndGlobalSection
EndGlobal
