<?xml version="1.0" encoding="utf-8"?>
<Project ToolsVersion="4.0" xmlns="http://schemas.microsoft.com/developer/msbuild/2003">
  <ItemGroup>
    <Filter Include="YGame">
      <UniqueIdentifier>{F81E720E-6433-9ABF-2DB5-3D1F998896F0}</UniqueIdentifier>
    </Filter>
    <Filter Include="YGame\Core">
      <UniqueIdentifier>{505E6D26-3C16-AF73-A51D-88CF91F44964}</UniqueIdentifier>
    </Filter>
    <Filter Include="YGame\GameObjects">
      <UniqueIdentifier>{EB5D844E-5774-82E4-A0EB-0D060C41536C}</UniqueIdentifier>
    </Filter>
    <Filter Include="YGame\GameObjects\Enemy">
      <UniqueIdentifier>{58000D26-C437-55BD-CD41-B9E039F87BB6}</UniqueIdentifier>
    </Filter>
    <Filter Include="YGame\GameObjects\Enemy\BattleEnemy">
      <UniqueIdentifier>{611D4F11-CDD6-B9BB-5636-D495C2EE6F2B}</UniqueIdentifier>
    </Filter>
    <Filter Include="YGame\GameObjects\Enemy\BattleEnemy\States">
      <UniqueIdentifier>{04C07588-F027-3C56-5993-506C451A5342}</UniqueIdentifier>
    </Filter>
    <Filter Include="YGame\GameObjects\Enemy\BattleEnemy\States\Attack">
      <UniqueIdentifier>{0BEC89A5-77B2-E6C1-C00D-75242C135526}</UniqueIdentifier>
    </Filter>
    <Filter Include="YGame\GameObjects\Enemy\FieldEnemy">
      <UniqueIdentifier>{698E75F3-55CA-785D-BEDC-9054AA372178}</UniqueIdentifier>
    </Filter>
    <Filter Include="YGame\GameObjects\Enemy\FieldEnemy\States">
      <UniqueIdentifier>{0CB8E134-78D2-44D6-C1F4-546A2D4E6CDD}</UniqueIdentifier>
    </Filter>
    <Filter Include="YGame\GameObjects\Ground">
      <UniqueIdentifier>{695BA5EC-5580-F46C-7ECB-D9FC6A4FF38A}</UniqueIdentifier>
    </Filter>
    <Filter Include="YGame\GameObjects\Player">
      <UniqueIdentifier>{A7982F01-93BD-7E81-BC08-6411A88C7D9F}</UniqueIdentifier>
    </Filter>
    <Filter Include="YGame\GameObjects\Player\AttackingCombat">
      <UniqueIdentifier>{02606EE4-EEDC-6127-175A-623B0336FEBA}</UniqueIdentifier>
    </Filter>
    <Filter Include="YGame\GameObjects\Player\Combat">
      <UniqueIdentifier>{6C53F7F1-D836-0632-E139-346E4D9CCC82}</UniqueIdentifier>
    </Filter>
    <Filter Include="YGame\GameObjects\Player\Combo">
      <UniqueIdentifier>{06D45C26-F2F9-268D-DB3F-AC58C7044C59}</UniqueIdentifier>
    </Filter>
    <Filter Include="YGame\GameObjects\Player\DeadCombat">
      <UniqueIdentifier>{3A0500B3-A6BE-6A5D-2F1E-85379BD620CD}</UniqueIdentifier>
    </Filter>
    <Filter Include="YGame\GameObjects\Player\DodgingCombat">
      <UniqueIdentifier>{68F399A4-5445-7194-3D64-AEA429558A7D}</UniqueIdentifier>
    </Filter>
    <Filter Include="YGame\GameObjects\Player\Guard">
      <UniqueIdentifier>{494FA826-3575-728D-1EBB-F7580A809759}</UniqueIdentifier>
    </Filter>
    <Filter Include="YGame\GameObjects\Player\GuardingCombat">
      <UniqueIdentifier>{5D8AD675-C919-9860-D215-79783E24D36C}</UniqueIdentifier>
    </Filter>
    <Filter Include="YGame\GameObjects\Player\IdleCombat">
      <UniqueIdentifier>{4ACC86C6-B685-F170-3FE5-0B4BAB9DA7E0}</UniqueIdentifier>
    </Filter>
    <Filter Include="YGame\GameObjects\Player\Movement">
      <UniqueIdentifier>{C149E79C-2DB8-3C1C-76A1-F71BE24E32B8}</UniqueIdentifier>
    </Filter>
    <Filter Include="YGame\GameObjects\Player\StunnedCombat">
      <UniqueIdentifier>{ED588D48-D9AA-6438-C2C9-A148AEBA7D21}</UniqueIdentifier>
    </Filter>
    <Filter Include="YGame\GameObjects\SkyBox">
      <UniqueIdentifier>{7A3A2908-665F-7888-8FAA-5D187B2E77A6}</UniqueIdentifier>
    </Filter>
    <Filter Include="YGame\GameObjects\Weapon">
      <UniqueIdentifier>{84E40411-7009-5491-9954-392185D852AF}</UniqueIdentifier>
    </Filter>
    <Filter Include="YGame\Scenes">
      <UniqueIdentifier>{28A9B09B-140C-4040-BD91-78F6A9D30BC3}</UniqueIdentifier>
    </Filter>
    <Filter Include="YGame\Scenes\CoreScenes">
      <UniqueIdentifier>{4190F9A5-ADC7-413D-B6D1-A56022886836}</UniqueIdentifier>
    </Filter>
    <Filter Include="YGame\Scenes\MainScenes">
      <UniqueIdentifier>{5DB410D6-C9EB-586D-D2F5-BC903EAC7F66}</UniqueIdentifier>
    </Filter>
    <Filter Include="YGame\Scenes\MainScenes\Clear">
      <UniqueIdentifier>{F3984B7E-5FB1-32A8-285E-C2419435C741}</UniqueIdentifier>
    </Filter>
    <Filter Include="YGame\Scenes\MainScenes\Game">
      <UniqueIdentifier>{26100CDD-12CB-FB88-BB82-74D3A71C4619}</UniqueIdentifier>
    </Filter>
    <Filter Include="YGame\Scenes\MainScenes\Title">
      <UniqueIdentifier>{8ED57D7F-FAED-64A9-C39A-F4422F72F942}</UniqueIdentifier>
    </Filter>
    <Filter Include="YGame\Scenes\SubScenes">
      <UniqueIdentifier>{02FAD3BE-EEF3-FC10-D760-9321C3F9627D}</UniqueIdentifier>
    </Filter>
    <Filter Include="YGame\SystemsApp">
      <UniqueIdentifier>{0064ADA4-EC5C-CCF6-158F-B17B01E7AB02}</UniqueIdentifier>
    </Filter>
    <Filter Include="YGame\SystemsApp\Cameras">
      <UniqueIdentifier>{EB87970D-D7AC-E68D-00F8-CB1DEC7BE5AB}</UniqueIdentifier>
    </Filter>
    <Filter Include="YGame\SystemsApp\Cameras\BattleStartCamera">
      <UniqueIdentifier>{6DD2C8E4-593A-8FB2-C2A5-A3C8AE2CA69E}</UniqueIdentifier>
    </Filter>
    <Filter Include="YGame\SystemsApp\Cameras\ClearCamera">
      <UniqueIdentifier>{CA489A1F-B62F-5C17-5F80-C2344B46D57D}</UniqueIdentifier>
    </Filter>
    <Filter Include="YGame\SystemsApp\Cameras\DebugCamera">
      <UniqueIdentifier>{6AB89B51-569F-5D49-FFEF-C366EBB5D6AF}</UniqueIdentifier>
    </Filter>
    <Filter Include="YGame\SystemsApp\Cameras\DefaultCamera">
      <UniqueIdentifier>{8817B375-7469-8A65-5D88-C7754979A34E}</UniqueIdentifier>
    </Filter>
    <Filter Include="YGame\SystemsApp\Cameras\FollowCamera">
      <UniqueIdentifier>{D68AB5EA-424F-B4DA-0BB5-E4A477385010}</UniqueIdentifier>
    </Filter>
    <Filter Include="YGame\SystemsApp\Cameras\SplineCamera">
      <UniqueIdentifier>{8E901E39-FA54-1D29-C3BA-4DF32F3EB95E}</UniqueIdentifier>
    </Filter>
    <Filter Include="YGame\SystemsApp\Cameras\TopDownCamera">
      <UniqueIdentifier>{4E0C9EB3-3A5E-75A3-237D-B2B30F6E8E8C}</UniqueIdentifier>
    </Filter>
    <Filter Include="YGame\UI">
      <UniqueIdentifier>{252F2EE2-11FC-88ED-3A15-77952641BE7B}</UniqueIdentifier>
    </Filter>
  </ItemGroup>
  <ItemGroup>
    <ClInclude Include="Core\MyGame.h">
      <Filter>YGame\Core</Filter>
    </ClInclude>
    <ClInclude Include="GameAPI.h">
      <Filter>YGame</Filter>
    </ClInclude>
    <ClInclude Include="GameExport.h">
      <Filter>YGame</Filter>
    </ClInclude>
    <ClInclude Include="GameObjects\Enemy\BattleEnemy\BattleEnemy.h">
      <Filter>YGame\GameObjects\Enemy\BattleEnemy</Filter>
    </ClInclude>
    <ClInclude Include="GameObjects\Enemy\BattleEnemy\BattleEnemyManager.h">
      <Filter>YGame\GameObjects\Enemy\BattleEnemy</Filter>
    </ClInclude>
    <ClInclude Include="GameObjects\Enemy\BattleEnemy\States\Attack\AttackSelector.h">
      <Filter>YGame\GameObjects\Enemy\BattleEnemy\States\Attack</Filter>
    </ClInclude>
    <ClInclude Include="GameObjects\Enemy\BattleEnemy\States\Attack\BattleChargeAttackState.h">
      <Filter>YGame\GameObjects\Enemy\BattleEnemy\States\Attack</Filter>
    </ClInclude>
    <ClInclude Include="GameObjects\Enemy\BattleEnemy\States\Attack\BattleComboAttackState.h">
      <Filter>YGame\GameObjects\Enemy\BattleEnemy\States\Attack</Filter>
    </ClInclude>
    <ClInclude Include="GameObjects\Enemy\BattleEnemy\States\Attack\BattleLeapAttackState.h">
      <Filter>YGame\GameObjects\Enemy\BattleEnemy\States\Attack</Filter>
    </ClInclude>
    <ClInclude Include="GameObjects\Enemy\BattleEnemy\States\Attack\BattleRushAttackState.h">
      <Filter>YGame\GameObjects\Enemy\BattleEnemy\States\Attack</Filter>
    </ClInclude>
    <ClInclude Include="GameObjects\Enemy\BattleEnemy\States\Attack\BattleSpinAttackState.h">
      <Filter>YGame\GameObjects\Enemy\BattleEnemy\States\Attack</Filter>
    </ClInclude>
    <ClInclude Include="GameObjects\Enemy\BattleEnemy\States\BattleApproachState.h">
      <Filter>YGame\GameObjects\Enemy\BattleEnemy\States</Filter>
    </ClInclude>
    <ClInclude Include="GameObjects\Enemy\BattleEnemy\States\BattleDamageState.h">
      <Filter>YGame\GameObjects\Enemy\BattleEnemy\States</Filter>
    </ClInclude>
    <ClInclude Include="GameObjects\Enemy\BattleEnemy\States\BattleDeadState.h">
      <Filter>YGame\GameObjects\Enemy\BattleEnemy\States</Filter>
    </ClInclude>
    <ClInclude Include="GameObjects\Enemy\BattleEnemy\States\BattleDownedState.h">
      <Filter>YGame\GameObjects\Enemy\BattleEnemy\States</Filter>
    </ClInclude>
    <ClInclude Include="GameObjects\Enemy\BattleEnemy\States\BattleIdleState.h">
      <Filter>YGame\GameObjects\Enemy\BattleEnemy\States</Filter>
    </ClInclude>
    <ClInclude Include="GameObjects\Enemy\FieldEnemy\FieldEnemy.h">
      <Filter>YGame\GameObjects\Enemy\FieldEnemy</Filter>
    </ClInclude>
    <ClInclude Include="GameObjects\Enemy\FieldEnemy\FieldEnemyManager.h">
      <Filter>YGame\GameObjects\Enemy\FieldEnemy</Filter>
    </ClInclude>
    <ClInclude Include="GameObjects\Enemy\FieldEnemy\States\FieldEnemyChaseState.h">
      <Filter>YGame\GameObjects\Enemy\FieldEnemy\States</Filter>
    </ClInclude>
    <ClInclude Include="GameObjects\Enemy\FieldEnemy\States\FieldEnemyPatrolState.h">
      <Filter>YGame\GameObjects\Enemy\FieldEnemy\States</Filter>
    </ClInclude>
    <ClInclude Include="GameObjects\Enemy\IEnemyState.h">
      <Filter>YGame\GameObjects\Enemy</Filter>
    </ClInclude>
    <ClInclude Include="GameObjects\Ground\Ground.h">
      <Filter>YGame\GameObjects\Ground</Filter>
    </ClInclude>
    <ClInclude Include="GameObjects\Player\AttackingCombat\AttackingCombatState.h">
      <Filter>YGame\GameObjects\Player\AttackingCombat</Filter>
    </ClInclude>
    <ClInclude Include="GameObjects\Player\Combat\PlayerCombat.h">
      <Filter>YGame\GameObjects\Player\Combat</Filter>
    </ClInclude>
    <ClInclude Include="GameObjects\Player\Combo\AttackDatabase.h">
      <Filter>YGame\GameObjects\Player\Combo</Filter>
    </ClInclude>
    <ClInclude Include="GameObjects\Player\Combo\AttackEditor.h">
      <Filter>YGame\GameObjects\Player\Combo</Filter>
    </ClInclude>
    <ClInclude Include="GameObjects\Player\Combo\ComboTypes.h">
      <Filter>YGame\GameObjects\Player\Combo</Filter>
    </ClInclude>
    <ClInclude Include="GameObjects\Player\Combo\PlayerCombo.h">
      <Filter>YGame\GameObjects\Player\Combo</Filter>
    </ClInclude>
    <ClInclude Include="GameObjects\Player\DeadCombat\DeadCombatState.h">
      <Filter>YGame\GameObjects\Player\DeadCombat</Filter>
    </ClInclude>
    <ClInclude Include="GameObjects\Player\DemoPlayer.h">
      <Filter>YGame\GameObjects\Player</Filter>
    </ClInclude>
    <ClInclude Include="GameObjects\Player\DodgingCombat\DodgingCombatState.h">
      <Filter>YGame\GameObjects\Player\DodgingCombat</Filter>
    </ClInclude>
    <ClInclude Include="GameObjects\Player\Guard\GuardConfig.h">
      <Filter>YGame\GameObjects\Player\Guard</Filter>
    </ClInclude>
    <ClInclude Include="GameObjects\Player\Guard\PlayerGuard.h">
      <Filter>YGame\GameObjects\Player\Guard</Filter>
    </ClInclude>
    <ClInclude Include="GameObjects\Player\GuardingCombat\GuardingCombatState.h">
      <Filter>YGame\GameObjects\Player\GuardingCombat</Filter>
    </ClInclude>
    <ClInclude Include="GameObjects\Player\IdleCombat\IdleCombatState.h">
      <Filter>YGame\GameObjects\Player\IdleCombat</Filter>
    </ClInclude>
    <ClInclude Include="GameObjects\Player\Movement\IdleMovementState.h">
      <Filter>YGame\GameObjects\Player\Movement</Filter>
    </ClInclude>
    <ClInclude Include="GameObjects\Player\Movement\MovementTypes.h">
      <Filter>YGame\GameObjects\Player\Movement</Filter>
    </ClInclude>
    <ClInclude Include="GameObjects\Player\Movement\MovingState.h">
      <Filter>YGame\GameObjects\Player\Movement</Filter>
    </ClInclude>
    <ClInclude Include="GameObjects\Player\Movement\PlayerMovement.h">
      <Filter>YGame\GameObjects\Player\Movement</Filter>
    </ClInclude>
    <ClInclude Include="GameObjects\Player\Player.h">
      <Filter>YGame\GameObjects\Player</Filter>
    </ClInclude>
    <ClInclude Include="GameObjects\Player\StateMachine.h">
      <Filter>YGame\GameObjects\Player</Filter>
    </ClInclude>
    <ClInclude Include="GameObjects\Player\StunnedCombat\StunnedCombatState.h">
      <Filter>YGame\GameObjects\Player\StunnedCombat</Filter>
    </ClInclude>
    <ClInclude Include="GameObjects\SkyBox\SkyBox.h">
      <Filter>YGame\GameObjects\SkyBox</Filter>
    </ClInclude>
    <ClInclude Include="GameObjects\Weapon\PlayerShield.h">
      <Filter>YGame\GameObjects\Weapon</Filter>
    </ClInclude>
    <ClInclude Include="GameObjects\Weapon\PlayerSword.h">
      <Filter>YGame\GameObjects\Weapon</Filter>
    </ClInclude>
    <ClInclude Include="Scenes\CoreScenes\SceneFactory.h">
      <Filter>YGame\Scenes\CoreScenes</Filter>
    </ClInclude>
    <ClInclude Include="Scenes\MainScenes\Clear\ClearScene.h">
      <Filter>YGame\Scenes\MainScenes\Clear</Filter>
    </ClInclude>
    <ClInclude Include="Scenes\MainScenes\Game\GameScene.h">
      <Filter>YGame\Scenes\MainScenes\Game</Filter>
    </ClInclude>
    <ClInclude Include="Scenes\MainScenes\Title\TitleScene.h">
      <Filter>YGame\Scenes\MainScenes\Title</Filter>
    </ClInclude>
    <ClInclude Include="Scenes\SubScenes\BaseSubScene.h">
      <Filter>YGame\Scenes\SubScenes</Filter>
    </ClInclude>
    <ClInclude Include="Scenes\SubScenes\BattleScene.h">
      <Filter>YGame\Scenes\SubScenes</Filter>
    </ClInclude>
    <ClInclude Include="Scenes\SubScenes\FieldScene.h">
      <Filter>YGame\Scenes\SubScenes</Filter>
    </ClInclude>
    <ClInclude Include="Scenes\SubScenes\SceneDataStructures.h">
      <Filter>YGame\Scenes\SubScenes</Filter>
    </ClInclude>
    <ClInclude Include="Scenes\SubScenes\SceneSyncData.h">
      <Filter>YGame\Scenes\SubScenes</Filter>
    </ClInclude>
    <ClInclude Include="Scenes\SubScenes\SubSceneManager.h">
      <Filter>YGame\Scenes\SubScenes</Filter>
    </ClInclude>
    <ClInclude Include="SystemsApp\Cameras\BattleStartCamera\BattleStartCamera.h">
      <Filter>YGame\SystemsApp\Cameras\BattleStartCamera</Filter>
    </ClInclude>
    <ClInclude Include="SystemsApp\Cameras\ClearCamera\ClearCamera.h">
      <Filter>YGame\SystemsApp\Cameras\ClearCamera</Filter>
    </ClInclude>
    <ClInclude Include="SystemsApp\Cameras\DebugCamera\DebugCamera.h">
      <Filter>YGame\SystemsApp\Cameras\DebugCamera</Filter>
    </ClInclude>
    <ClInclude Include="SystemsApp\Cameras\DefaultCamera\DefaultCamera.h">
      <Filter>YGame\SystemsApp\Cameras\DefaultCamera</Filter>
    </ClInclude>
    <ClInclude Include="SystemsApp\Cameras\FollowCamera\FollowCamera.h">
      <Filter>YGame\SystemsApp\Cameras\FollowCamera</Filter>
    </ClInclude>
    <ClInclude Include="SystemsApp\Cameras\SplineCamera\SplineCamera.h">
      <Filter>YGame\SystemsApp\Cameras\SplineCamera</Filter>
    </ClInclude>
    <ClInclude Include="SystemsApp\Cameras\TopDownCamera\TopDownCamera.h">
      <Filter>YGame\SystemsApp\Cameras\TopDownCamera</Filter>
    </ClInclude>
    <ClInclude Include="UI\ClearUI.h">
      <Filter>YGame\UI</Filter>
    </ClInclude>
    <ClInclude Include="UI\GameUI.h">
      <Filter>YGame\UI</Filter>
    </ClInclude>
    <ClInclude Include="UI\TitleUI.h">
      <Filter>YGame\UI</Filter>
    </ClInclude>
    <ClInclude Include="GameObjects\Enemy\BattleEnemy\BattleEnemyData.h" />
  </ItemGroup>
  <ItemGroup>
    <ClCompile Include="Core\MyGame.cpp">
      <Filter>YGame\Core</Filter>
    </ClCompile>
    <ClCompile Include="GameExport.cpp">
      <Filter>YGame</Filter>
    </ClCompile>
    <ClCompile Include="GameObjects\Enemy\BattleEnemy\BattleEnemy.cpp">
      <Filter>YGame\GameObjects\Enemy\BattleEnemy</Filter>
    </ClCompile>
    <ClCompile Include="GameObjects\Enemy\BattleEnemy\BattleEnemyManager.cpp">
      <Filter>YGame\GameObjects\Enemy\BattleEnemy</Filter>
    </ClCompile>
    <ClCompile Include="GameObjects\Enemy\BattleEnemy\States\Attack\BattleChargeAttackState.cpp">
      <Filter>YGame\GameObjects\Enemy\BattleEnemy\States\Attack</Filter>
    </ClCompile>
    <ClCompile Include="GameObjects\Enemy\BattleEnemy\States\Attack\BattleComboAttackState.cpp">
      <Filter>YGame\GameObjects\Enemy\BattleEnemy\States\Attack</Filter>
    </ClCompile>
    <ClCompile Include="GameObjects\Enemy\BattleEnemy\States\Attack\BattleLeapAttackState.cpp">
      <Filter>YGame\GameObjects\Enemy\BattleEnemy\States\Attack</Filter>
    </ClCompile>
    <ClCompile Include="GameObjects\Enemy\BattleEnemy\States\Attack\BattleRushAttackState.cpp">
      <Filter>YGame\GameObjects\Enemy\BattleEnemy\States\Attack</Filter>
    </ClCompile>
    <ClCompile Include="GameObjects\Enemy\BattleEnemy\States\Attack\BattleSpinAttackState.cpp">
      <Filter>YGame\GameObjects\Enemy\BattleEnemy\States\Attack</Filter>
    </ClCompile>
    <ClCompile Include="GameObjects\Enemy\BattleEnemy\States\BattleApproachState.cpp">
      <Filter>YGame\GameObjects\Enemy\BattleEnemy\States</Filter>
    </ClCompile>
    <ClCompile Include="GameObjects\Enemy\BattleEnemy\States\BattleDamageState.cpp">
      <Filter>YGame\GameObjects\Enemy\BattleEnemy\States</Filter>
    </ClCompile>
    <ClCompile Include="GameObjects\Enemy\BattleEnemy\States\BattleDeadState.cpp">
      <Filter>YGame\GameObjects\Enemy\BattleEnemy\States</Filter>
    </ClCompile>
    <ClCompile Include="GameObjects\Enemy\BattleEnemy\States\BattleDownedState.cpp">
      <Filter>YGame\GameObjects\Enemy\BattleEnemy\States</Filter>
    </ClCompile>
    <ClCompile Include="GameObjects\Enemy\BattleEnemy\States\BattleIdleState.cpp">
      <Filter>YGame\GameObjects\Enemy\BattleEnemy\States</Filter>
    </ClCompile>
    <ClCompile Include="GameObjects\Enemy\FieldEnemy\FieldEnemy.cpp">
      <Filter>YGame\GameObjects\Enemy\FieldEnemy</Filter>
    </ClCompile>
    <ClCompile Include="GameObjects\Enemy\FieldEnemy\FieldEnemyManager.cpp">
      <Filter>YGame\GameObjects\Enemy\FieldEnemy</Filter>
    </ClCompile>
    <ClCompile Include="GameObjects\Enemy\FieldEnemy\States\FieldEnemyChaseState.cpp">
      <Filter>YGame\GameObjects\Enemy\FieldEnemy\States</Filter>
    </ClCompile>
    <ClCompile Include="GameObjects\Enemy\FieldEnemy\States\FieldEnemyPatrolState.cpp">
      <Filter>YGame\GameObjects\Enemy\FieldEnemy\States</Filter>
    </ClCompile>
    <ClCompile Include="GameObjects\Ground\Ground.cpp">
      <Filter>YGame\GameObjects\Ground</Filter>
    </ClCompile>
    <ClCompile Include="GameObjects\Player\AttackingCombat\AttackingCombatState.cpp">
      <Filter>YGame\GameObjects\Player\AttackingCombat</Filter>
    </ClCompile>
    <ClCompile Include="GameObjects\Player\Combat\PlayerCombat.cpp">
      <Filter>YGame\GameObjects\Player\Combat</Filter>
    </ClCompile>
    <ClCompile Include="GameObjects\Player\Combo\AttackEditor.cpp">
      <Filter>YGame\GameObjects\Player\Combo</Filter>
    </ClCompile>
    <ClCompile Include="GameObjects\Player\Combo\PlayerCombo.cpp">
      <Filter>YGame\GameObjects\Player\Combo</Filter>
    </ClCompile>
    <ClCompile Include="GameObjects\Player\DeadCombat\DeadCombatState.cpp">
      <Filter>YGame\GameObjects\Player\DeadCombat</Filter>
    </ClCompile>
    <ClCompile Include="GameObjects\Player\DemoPlayer.cpp">
      <Filter>YGame\GameObjects\Player</Filter>
    </ClCompile>
    <ClCompile Include="GameObjects\Player\DodgingCombat\DodgingCombatState.cpp">
      <Filter>YGame\GameObjects\Player\DodgingCombat</Filter>
    </ClCompile>
    <ClCompile Include="GameObjects\Player\Guard\PlayerGuard.cpp">
      <Filter>YGame\GameObjects\Player\Guard</Filter>
    </ClCompile>
    <ClCompile Include="GameObjects\Player\GuardingCombat\GuardingCombatState.cpp">
      <Filter>YGame\GameObjects\Player\GuardingCombat</Filter>
    </ClCompile>
    <ClCompile Include="GameObjects\Player\IdleCombat\IdleCombatState.cpp">
      <Filter>YGame\GameObjects\Player\IdleCombat</Filter>
    </ClCompile>
    <ClCompile Include="GameObjects\Player\Movement\IdleMovementState.cpp">
      <Filter>YGame\GameObjects\Player\Movement</Filter>
    </ClCompile>
    <ClCompile Include="GameObjects\Player\Movement\MovingState.cpp">
      <Filter>YGame\GameObjects\Player\Movement</Filter>
    </ClCompile>
    <ClCompile Include="GameObjects\Player\Movement\PlayerMovement.cpp">
      <Filter>YGame\GameObjects\Player\Movement</Filter>
    </ClCompile>
    <ClCompile Include="GameObjects\Player\Player.cpp">
      <Filter>YGame\GameObjects\Player</Filter>
    </ClCompile>
    <ClCompile Include="GameObjects\Player\StunnedCombat\StunnedCombatState.cpp">
      <Filter>YGame\GameObjects\Player\StunnedCombat</Filter>
    </ClCompile>
    <ClCompile Include="GameObjects\SkyBox\SkyBox.cpp">
      <Filter>YGame\GameObjects\SkyBox</Filter>
    </ClCompile>
    <ClCompile Include="GameObjects\Weapon\PlayerShield.cpp">
      <Filter>YGame\GameObjects\Weapon</Filter>
    </ClCompile>
    <ClCompile Include="GameObjects\Weapon\PlayerSword.cpp">
      <Filter>YGame\GameObjects\Weapon</Filter>
    </ClCompile>
    <ClCompile Include="Scenes\CoreScenes\SceneFactory.cpp">
      <Filter>YGame\Scenes\CoreScenes</Filter>
    </ClCompile>
    <ClCompile Include="Scenes\MainScenes\Clear\ClearScene.cpp">
      <Filter>YGame\Scenes\MainScenes\Clear</Filter>
    </ClCompile>
    <ClCompile Include="Scenes\MainScenes\Game\GameScene.cpp">
      <Filter>YGame\Scenes\MainScenes\Game</Filter>
    </ClCompile>
    <ClCompile Include="Scenes\MainScenes\Title\TitleScene.cpp">
      <Filter>YGame\Scenes\MainScenes\Title</Filter>
    </ClCompile>
    <ClCompile Include="Scenes\SubScenes\BaseSubScene.cpp">
      <Filter>YGame\Scenes\SubScenes</Filter>
    </ClCompile>
    <ClCompile Include="Scenes\SubScenes\BattleScene.cpp">
      <Filter>YGame\Scenes\SubScenes</Filter>
    </ClCompile>
    <ClCompile Include="Scenes\SubScenes\FieldScene.cpp">
      <Filter>YGame\Scenes\SubScenes</Filter>
    </ClCompile>
    <ClCompile Include="Scenes\SubScenes\SceneSyncData.cpp">
      <Filter>YGame\Scenes\SubScenes</Filter>
    </ClCompile>
    <ClCompile Include="Scenes\SubScenes\SubSceneManager.cpp">
      <Filter>YGame\Scenes\SubScenes</Filter>
    </ClCompile>
    <ClCompile Include="SystemsApp\Cameras\BattleStartCamera\BattleStartCamera.cpp">
      <Filter>YGame\SystemsApp\Cameras\BattleStartCamera</Filter>
    </ClCompile>
    <ClCompile Include="SystemsApp\Cameras\ClearCamera\ClearCamera.cpp">
      <Filter>YGame\SystemsApp\Cameras\ClearCamera</Filter>
    </ClCompile>
    <ClCompile Include="SystemsApp\Cameras\DebugCamera\DebugCamera.cpp">
      <Filter>YGame\SystemsApp\Cameras\DebugCamera</Filter>
    </ClCompile>
    <ClCompile Include="SystemsApp\Cameras\DefaultCamera\DefaultCamera.cpp">
      <Filter>YGame\SystemsApp\Cameras\DefaultCamera</Filter>
    </ClCompile>
    <ClCompile Include="SystemsApp\Cameras\FollowCamera\FollowCamera.cpp">
      <Filter>YGame\SystemsApp\Cameras\FollowCamera</Filter>
    </ClCompile>
    <ClCompile Include="SystemsApp\Cameras\SplineCamera\SplineCamera.cpp">
      <Filter>YGame\SystemsApp\Cameras\SplineCamera</Filter>
    </ClCompile>
    <ClCompile Include="SystemsApp\Cameras\TopDownCamera\TopDownCamera.cpp">
      <Filter>YGame\SystemsApp\Cameras\TopDownCamera</Filter>
    </ClCompile>
    <ClCompile Include="UI\ClearUI.cpp">
      <Filter>YGame\UI</Filter>
    </ClCompile>
    <ClCompile Include="UI\GameUI.cpp">
      <Filter>YGame\UI</Filter>
    </ClCompile>
    <ClCompile Include="UI\TitleUI.cpp">
      <Filter>YGame\UI</Filter>
    </ClCompile>
  </ItemGroup>
</Project>