<?xml version="1.0" encoding="utf-8"?>
<Project ToolsVersion="4.0" xmlns="http://schemas.microsoft.com/developer/msbuild/2003">
  <ItemGroup>
    <Filter Include="YEngine">
      <UniqueIdentifier>{947FB36F-005F-320B-0977-BDE175D5986C}</UniqueIdentifier>
    </Filter>
    <Filter Include="YEngine\Core">
      <UniqueIdentifier>{6C806FD3-58E3-FE77-0169-372EEDAACAFA}</UniqueIdentifier>
    </Filter>
    <Filter Include="YEngine\Core\DirectX">
      <UniqueIdentifier>{2E0F33FF-1A9E-BCC8-C3BC-D0C3AF2ACD6E}</UniqueIdentifier>
    </Filter>
    <Filter Include="YEngine\Core\Editor">
      <UniqueIdentifier>{228CF720-8EED-D42E-175B-1BE183BB0BEE}</UniqueIdentifier>
    </Filter>
    <Filter Include="YEngine\Core\Framework">
      <UniqueIdentifier>{E973AEC5-D56D-D717-BEDA-6D28AA733D84}</UniqueIdentifier>
    </Filter>
    <Filter Include="YEngine\Core\Memory">
      <UniqueIdentifier>{5406B533-C067-9241-49D5-D8F3B535C900}</UniqueIdentifier>
    </Filter>
    <Filter Include="YEngine\Core\SceneSystems">
      <UniqueIdentifier>{21FB4CC3-8DBD-804D-D66D-0FDA426F592B}</UniqueIdentifier>
    </Filter>
    <Filter Include="YEngine\Core\SceneSystems\Transitions">
      <UniqueIdentifier>{4EC7E143-BA8B-E033-83F1-10FEEF747C69}</UniqueIdentifier>
    </Filter>
    <Filter Include="YEngine\Core\SceneSystems\Transitions\Base">
      <UniqueIdentifier>{98E480C4-844C-4792-EDB7-5BA8D93E5E7E}</UniqueIdentifier>
    </Filter>
    <Filter Include="YEngine\Core\SceneSystems\Transitions\Fade">
      <UniqueIdentifier>{2D1483C4-197C-4992-82E7-5DA86E6E607E}</UniqueIdentifier>
    </Filter>
    <Filter Include="YEngine\Core\WinApp">
      <UniqueIdentifier>{0AC7504B-7628-2E59-FF95-740B6BF66418}</UniqueIdentifier>
    </Filter>
    <Filter Include="YEngine\Generators">
      <UniqueIdentifier>{3D8CF0E5-2970-B13B-92D0-AB8E7ED39BBD}</UniqueIdentifier>
    </Filter>
    <Filter Include="YEngine\Generators\CubeMap">
      <UniqueIdentifier>{C91E0943-B52E-B513-1EE8-19320A17A4AC}</UniqueIdentifier>
    </Filter>
    <Filter Include="YEngine\Generators\GPUParticle">
      <UniqueIdentifier>{0C1E892C-F843-5393-E189-D85ECD4E785F}</UniqueIdentifier>
    </Filter>
    <Filter Include="YEngine\Generators\ModelManipulator">
      <UniqueIdentifier>{4959B243-B512-1DEE-3E72-37C8AA2AD35D}</UniqueIdentifier>
    </Filter>
    <Filter Include="YEngine\Generators\Object3D">
      <UniqueIdentifier>{BA0E6613-261C-94F9-AF02-90E41B0F60B0}</UniqueIdentifier>
    </Filter>
    <Filter Include="YEngine\Generators\OffScreen">
      <UniqueIdentifier>{C72B49D3-B3E6-387F-5C9E-B1C94838830F}</UniqueIdentifier>
    </Filter>
    <Filter Include="YEngine\Generators\Particle">
      <UniqueIdentifier>{E06469C6-4C72-97AC-D558-939741656363}</UniqueIdentifier>
    </Filter>
    <Filter Include="YEngine\Generators\Sprite">
      <UniqueIdentifier>{E322C30F-4FE5-F699-9895-85260497CF77}</UniqueIdentifier>
    </Filter>
    <Filter Include="YEngine\Graphics">
      <UniqueIdentifier>{540E2278-4007-41CA-6939-264F559120D6}</UniqueIdentifier>
    </Filter>
    <Filter Include="YEngine\Graphics\ComputeShaderManager">
      <UniqueIdentifier>{92DDF1F2-FEA1-F0E2-C707-21AD338B8C18}</UniqueIdentifier>
    </Filter>
    <Filter Include="YEngine\Graphics\Drawer">
      <UniqueIdentifier>{E83BF6A5-5473-3E3D-5D7D-A260C9336536}</UniqueIdentifier>
    </Filter>
    <Filter Include="YEngine\Graphics\Drawer\LineManager">
      <UniqueIdentifier>{9A84C8AD-063E-3358-8F9D-4D32FB55E9C7}</UniqueIdentifier>
    </Filter>
    <Filter Include="YEngine\Graphics\LightManager">
      <UniqueIdentifier>{766F7DF3-E287-641D-AB34-F4B6170CF9B6}</UniqueIdentifier>
    </Filter>
    <Filter Include="YEngine\Graphics\PipelineManager">
      <UniqueIdentifier>{B4C96971-A01A-55B3-C97E-4375B52EE81C}</UniqueIdentifier>
    </Filter>
    <Filter Include="YEngine\Graphics\WorldTransform">
      <UniqueIdentifier>{27871036-936A-1F76-9C6D-4DB208D0E5C6}</UniqueIdentifier>
    </Filter>
    <Filter Include="YEngine\Model">
      <UniqueIdentifier>{D4471442-4008-9078-0943-D9F575C2D454}</UniqueIdentifier>
    </Filter>
    <Filter Include="YEngine\Model\Material">
      <UniqueIdentifier>{F28405D3-DE7E-2E25-C7EB-C435B3849491}</UniqueIdentifier>
    </Filter>
    <Filter Include="YEngine\Model\Mesh">
      <UniqueIdentifier>{10C2DC3E-FCA5-9D94-6506-98E751098816}</UniqueIdentifier>
    </Filter>
    <Filter Include="YEngine\Model\Motion">
      <UniqueIdentifier>{791ACB69-65A9-5433-0EC8-682EFA3565D9}</UniqueIdentifier>
    </Filter>
    <Filter Include="YEngine\Model\Node">
      <UniqueIdentifier>{0977DD3E-F55A-9E94-5EBB-98E74ABE8816}</UniqueIdentifier>
    </Filter>
    <Filter Include="YEngine\Model\Skeleton">
      <UniqueIdentifier>{883BD13B-7435-FA8D-5DA2-909E493B60FA}</UniqueIdentifier>
    </Filter>
    <Filter Include="YEngine\Utilities">
      <UniqueIdentifier>{FF2C4B12-6B43-49A8-B4BA-D4C920101A30}</UniqueIdentifier>
    </Filter>
    <Filter Include="YEngine\Utilities\Collision">
      <UniqueIdentifier>{DAECC39A-46FA-F180-CFE0-ED6B3BEDBD37}</UniqueIdentifier>
    </Filter>
    <Filter Include="YEngine\Utilities\Collision\AABB">
      <UniqueIdentifier>{AF46134E-9B97-FE8F-C4FB-EC51B0AB91F9}</UniqueIdentifier>
    </Filter>
    <Filter Include="YEngine\Utilities\Collision\AreaCollision">
      <UniqueIdentifier>{0E062DFC-7A20-909D-C342-A0312F9CB7A4}</UniqueIdentifier>
    </Filter>
    <Filter Include="YEngine\Utilities\Collision\AreaCollision\Base">
      <UniqueIdentifier>{585B61C3-44D9-B15C-2DD1-6FF419EEF384}</UniqueIdentifier>
    </Filter>
    <Filter Include="YEngine\Utilities\Collision\Core">
      <UniqueIdentifier>{7229154E-5E7A-0090-87DE-EE51738E93F9}</UniqueIdentifier>
    </Filter>
    <Filter Include="YEngine\Utilities\Collision\OBB">
      <UniqueIdentifier>{7CE85D02-E8CB-6C42-F1CE-9A7E5D313393}</UniqueIdentifier>
    </Filter>
    <Filter Include="YEngine\Utilities\Collision\Sphere">
      <UniqueIdentifier>{D083644D-BCBF-67B7-25D2-7FAE112D10D2}</UniqueIdentifier>
    </Filter>
    <Filter Include="YEngine\Utilities\Debugger">
      <UniqueIdentifier>{337E4B1E-1F8E-F7EE-8847-5C0D7476E687}</UniqueIdentifier>
    </Filter>
    <Filter Include="YEngine\Utilities\Loaders">
      <UniqueIdentifier>{F8530CDD-6416-4067-ADC6-CEF319C81845}</UniqueIdentifier>
    </Filter>
    <Filter Include="YEngine\Utilities\Loaders\Json">
      <UniqueIdentifier>{A19AB4C6-8DC0-7E2D-7606-04F962CBA3F9}</UniqueIdentifier>
    </Filter>
    <Filter Include="YEngine\Utilities\Loaders\LevelData">
      <UniqueIdentifier>{B92C35D4-25E6-9F7E-AE45-BA581AFE55EE}</UniqueIdentifier>
    </Filter>
    <Filter Include="YEngine\Utilities\Loaders\Texture">
      <UniqueIdentifier>{58F1C4F0-C45F-1A70-0D49-D56F79F60F0C}</UniqueIdentifier>
    </Filter>
    <Filter Include="YEngine\Utilities\Systems">
      <UniqueIdentifier>{06128610-72D4-B99A-BB84-482727869278}</UniqueIdentifier>
    </Filter>
    <Filter Include="YEngine\Utilities\Systems\Animation">
      <UniqueIdentifier>{758AC502-E143-30AD-6AA3-4A87D65BE61C}</UniqueIdentifier>
    </Filter>
    <Filter Include="YEngine\Utilities\Systems\Audio">
      <UniqueIdentifier>{878CA5B5-F36F-B4F5-FC72-E23168D57A46}</UniqueIdentifier>
    </Filter>
    <Filter Include="YEngine\Utilities\Systems\Camera">
      <UniqueIdentifier>{BE639C6D-AAB4-87AF-D318-7671BFC81A19}</UniqueIdentifier>
    </Filter>
    <Filter Include="YEngine\Utilities\Systems\GameTime">
      <UniqueIdentifier>{DE5B3BF7-CA97-3E61-33AA-56581F05E77B}</UniqueIdentifier>
    </Filter>
    <Filter Include="YEngine\Utilities\Systems\Input">
      <UniqueIdentifier>{85AE32B6-F191-41F6-FA94-6F3266F70747}</UniqueIdentifier>
    </Filter>
    <Filter Include="YEngine\Utilities\Systems\MapChip">
      <UniqueIdentifier>{97B61223-0325-68A2-4C0E-23A2B8BB5D3E}</UniqueIdentifier>
    </Filter>
    <Filter Include="YEngine\Utilities\Systems\UI">
      <UniqueIdentifier>{73EFA894-5FAA-9840-0862-118BF4FBE2D0}</UniqueIdentifier>
    </Filter>
  </ItemGroup>
  <ItemGroup>
    <ClInclude Include="Core\DirectX\CommandManager.h">
      <Filter>YEngine\Core\DirectX</Filter>
    </ClInclude>
    <ClInclude Include="Core\DirectX\DescriptorHeap.h">
      <Filter>YEngine\Core\DirectX</Filter>
    </ClInclude>
    <ClInclude Include="Core\DirectX\DeviceManager.h">
      <Filter>YEngine\Core\DirectX</Filter>
    </ClInclude>
    <ClInclude Include="Core\DirectX\DirectXCommon.h">
      <Filter>YEngine\Core\DirectX</Filter>
    </ClInclude>
    <ClInclude Include="Core\DirectX\DsvManager.h">
      <Filter>YEngine\Core\DirectX</Filter>
    </ClInclude>
    <ClInclude Include="Core\DirectX\FrameContext.h">
      <Filter>YEngine\Core\DirectX</Filter>
    </ClInclude>
    <ClInclude Include="Core\DirectX\RtvManager.h">
      <Filter>YEngine\Core\DirectX</Filter>
    </ClInclude>
    <ClInclude Include="Core\DirectX\SrvManager.h">
      <Filter>YEngine\Core\DirectX</Filter>
    </ClInclude>
    <ClInclude Include="Core\DirectX\SwapChainManager.h">
      <Filter>YEngine\Core\DirectX</Filter>
    </ClInclude>
    <ClInclude Include="Core\Editor\Editor.h">
      <Filter>YEngine\Core\Editor</Filter>
    </ClInclude>
    <ClInclude Include="Core\Framework\Framework.h">
      <Filter>YEngine\Core\Framework</Filter>
    </ClInclude>
    <ClInclude Include="Core\Memory\PoolAllocator.h">
      <Filter>YEngine\Core\Memory</Filter>
    </ClInclude>
    <ClInclude Include="Core\SceneSystems\AbstractSceneFactory.h">
      <Filter>YEngine\Core\SceneSystems</Filter>
    </ClInclude>
    <ClInclude Include="Core\SceneSystems\BaseScene.h">
      <Filter>YEngine\Core\SceneSystems</Filter>
    </ClInclude>
    <ClInclude Include="Core\SceneSystems\SceneManager.h">
      <Filter>YEngine\Core\SceneSystems</Filter>
    </ClInclude>
    <ClInclude Include="Core\SceneSystems\Transitions\Base\ISceneTransition.h">
      <Filter>YEngine\Core\SceneSystems\Transitions\Base</Filter>
    </ClInclude>
    <ClInclude Include="Core\SceneSystems\Transitions\Base\TransitionFactory.h">
      <Filter>YEngine\Core\SceneSystems\Transitions\Base</Filter>
    </ClInclude>
    <ClInclude Include="Core\SceneSystems\Transitions\Base\TransitionManager.h">
      <Filter>YEngine\Core\SceneSystems\Transitions\Base</Filter>
    </ClInclude>
    <ClInclude Include="Core\SceneSystems\Transitions\Fade\Fade.h">
      <Filter>YEngine\Core\SceneSystems\Transitions\Fade</Filter>
    </ClInclude>
    <ClInclude Include="Core\SceneSystems\Transitions\Fade\FadeTransition.h">
      <Filter>YEngine\Core\SceneSystems\Transitions\Fade</Filter>
    </ClInclude>
    <ClInclude Include="Core\WinApp\WinApp.h">
      <Filter>YEngine\Core\WinApp</Filter>
    </ClInclude>
    <ClInclude Include="Core\YoRigine.h">
      <Filter>YEngine\Core</Filter>
    </ClInclude>
    <ClInclude Include="Generators\CubeMap\CubeMap.h">
      <Filter>YEngine\Generators\CubeMap</Filter>
    </ClInclude>
    <ClInclude Include="Generators\GPUParticle\GPUEmitter.h">
      <Filter>YEngine\Generators\GPUParticle</Filter>
    </ClInclude>
    <ClInclude Include="Generators\GPUParticle\GPUParticle.h">
      <Filter>YEngine\Generators\GPUParticle</Filter>
    </ClInclude>
    <ClInclude Include="Generators\GPUParticle\GpuEmitManager.h">
      <Filter>YEngine\Generators\GPUParticle</Filter>
    </ClInclude>
    <ClInclude Include="Generators\GPUParticle\GpuParticleMethod.h">
      <Filter>YEngine\Generators\GPUParticle</Filter>
    </ClInclude>
    <ClInclude Include="Generators\GPUParticle\GpuParticleParams.h">
      <Filter>YEngine\Generators\GPUParticle</Filter>
    </ClInclude>
    <ClInclude Include="Generators\ModelManipulator\ModelManipulator.h">
      <Filter>YEngine\Generators\ModelManipulator</Filter>
    </ClInclude>
    <ClInclude Include="Generators\Object3D\BaseObject.h">
      <Filter>YEngine\Generators\Object3D</Filter>
    </ClInclude>
    <ClInclude Include="Generators\Object3D\Object3d.h">
      <Filter>YEngine\Generators\Object3D</Filter>
    </ClInclude>
    <ClInclude Include="Generators\Object3D\Object3dCommon.h">
      <Filter>YEngine\Generators\Object3D</Filter>
    </ClInclude>
    <ClInclude Include="Generators\Object3D\ObjectManager.h">
      <Filter>YEngine\Generators\Object3D</Filter>
    </ClInclude>
    <ClInclude Include="Generators\OffScreen\OffScreen.h">
      <Filter>YEngine\Generators\OffScreen</Filter>
    </ClInclude>
    <ClInclude Include="Generators\OffScreen\PostEffectChain.h">
      <Filter>YEngine\Generators\OffScreen</Filter>
    </ClInclude>
    <ClInclude Include="Generators\OffScreen\PostEffectManager.h">
      <Filter>YEngine\Generators\OffScreen</Filter>
    </ClInclude>
    <ClInclude Include="Generators\Particle\ParticleEditor.h">
      <Filter>YEngine\Generators\Particle</Filter>
    </ClInclude>
    <ClInclude Include="Generators\Particle\ParticleEmitter.h">
      <Filter>YEngine\Generators\Particle</Filter>
    </ClInclude>
    <ClInclude Include="Generators\Particle\ParticleImGuiHelper.h">
      <Filter>YEngine\Generators\Particle</Filter>
    </ClInclude>
    <ClInclude Include="Generators\Particle\ParticleJsonManager.h">
      <Filter>YEngine\Generators\Particle</Filter>
    </ClInclude>
    <ClInclude Include="Generators\Particle\ParticleManager.h">
      <Filter>YEngine\Generators\Particle</Filter>
    </ClInclude>
    <ClInclude Include="Generators\Particle\ParticleRenderer.h">
      <Filter>YEngine\Generators\Particle</Filter>
    </ClInclude>
    <ClInclude Include="Generators\Particle\ParticleSetting.h">
      <Filter>YEngine\Generators\Particle</Filter>
    </ClInclude>
    <ClInclude Include="Generators\Particle\ParticleSystem.h">
      <Filter>YEngine\Generators\Particle</Filter>
    </ClInclude>
    <ClInclude Include="Generators\Sprite\Sprite.h">
      <Filter>YEngine\Generators\Sprite</Filter>
    </ClInclude>
    <ClInclude Include="Generators\Sprite\SpriteCommon.h">
      <Filter>YEngine\Generators\Sprite</Filter>
    </ClInclude>
    <ClInclude Include="Graphics\ComputeShaderManager\ComputeShaderManager.h">
      <Filter>YEngine\Graphics\ComputeShaderManager</Filter>
    </ClInclude>
    <ClInclude Include="Graphics\Drawer\LineManager\Line.h">
      <Filter>YEngine\Graphics\Drawer\LineManager</Filter>
    </ClInclude>
    <ClInclude Include="Graphics\Drawer\LineManager\LineManager.h">
      <Filter>YEngine\Graphics\Drawer\LineManager</Filter>
    </ClInclude>
    <ClInclude Include="Graphics\LightManager\LightManager.h">
      <Filter>YEngine\Graphics\LightManager</Filter>
    </ClInclude>
    <ClInclude Include="Graphics\PipelineManager\PipelineManager.h">
      <Filter>YEngine\Graphics\PipelineManager</Filter>
    </ClInclude>
    <ClInclude Include="Graphics\PipelineManager\ShadowPipeline.h">
      <Filter>YEngine\Graphics\PipelineManager</Filter>
    </ClInclude>
    <ClInclude Include="Graphics\WorldTransform\WorldTransform.h">
      <Filter>YEngine\Graphics\WorldTransform</Filter>
    </ClInclude>
    <ClInclude Include="Model\Material\Material.h">
      <Filter>YEngine\Model\Material</Filter>
    </ClInclude>
    <ClInclude Include="Model\Material\MaterialColor.h">
      <Filter>YEngine\Model\Material</Filter>
    </ClInclude>
    <ClInclude Include="Model\Material\MaterialLighting.h">
      <Filter>YEngine\Model\Material</Filter>
    </ClInclude>
    <ClInclude Include="Model\Material\MaterialManager.h">
      <Filter>YEngine\Model\Material</Filter>
    </ClInclude>
    <ClInclude Include="Model\Material\MaterialUV.h">
      <Filter>YEngine\Model\Material</Filter>
    </ClInclude>
    <ClInclude Include="Model\Mesh\Mesh.h">
      <Filter>YEngine\Model\Mesh</Filter>
    </ClInclude>
    <ClInclude Include="Model\Mesh\MeshPrimitive.h">
      <Filter>YEngine\Model\Mesh</Filter>
    </ClInclude>
    <ClInclude Include="Model\Model.h">
      <Filter>YEngine\Model</Filter>
    </ClInclude>
    <ClInclude Include="Model\ModelCommon.h">
      <Filter>YEngine\Model</Filter>
    </ClInclude>
    <ClInclude Include="Model\ModelManager.h">
      <Filter>YEngine\Model</Filter>
    </ClInclude>
    <ClInclude Include="Model\ModelUtils.h">
      <Filter>YEngine\Model</Filter>
    </ClInclude>
    <ClInclude Include="Model\Motion\Motion.h">
      <Filter>YEngine\Model\Motion</Filter>
    </ClInclude>
    <ClInclude Include="Model\Motion\MotionSystem.h">
      <Filter>YEngine\Model\Motion</Filter>
    </ClInclude>
    <ClInclude Include="Model\Node\Node.h">
      <Filter>YEngine\Model\Node</Filter>
    </ClInclude>
    <ClInclude Include="Model\Skeleton\Joint.h">
      <Filter>YEngine\Model\Skeleton</Filter>
    </ClInclude>
    <ClInclude Include="Model\Skeleton\Skeleton.h">
      <Filter>YEngine\Model\Skeleton</Filter>
    </ClInclude>
    <ClInclude Include="Model\Skeleton\SkinCluster.h">
      <Filter>YEngine\Model\Skeleton</Filter>
    </ClInclude>
    <ClInclude Include="Utilities\Collision\AABB\AABBCollider.h">
      <Filter>YEngine\Utilities\Collision\AABB</Filter>
    </ClInclude>
    <ClInclude Include="Utilities\Collision\AreaCollision\Base\AreaManager.h">
      <Filter>YEngine\Utilities\Collision\AreaCollision\Base</Filter>
    </ClInclude>
    <ClInclude Include="Utilities\Collision\AreaCollision\Base\BaseArea.h">
      <Filter>YEngine\Utilities\Collision\AreaCollision\Base</Filter>
    </ClInclude>
    <ClInclude Include="Utilities\Collision\AreaCollision\CircleArea.h">
      <Filter>YEngine\Utilities\Collision\AreaCollision</Filter>
    </ClInclude>
    <ClInclude Include="Utilities\Collision\Core\BaseCollider.h">
      <Filter>YEngine\Utilities\Collision\Core</Filter>
    </ClInclude>
    <ClInclude Include="Utilities\Collision\Core\ColliderFactory.h">
      <Filter>YEngine\Utilities\Collision\Core</Filter>
    </ClInclude>
    <ClInclude Include="Utilities\Collision\Core\ColliderPool.h">
      <Filter>YEngine\Utilities\Collision\Core</Filter>
    </ClInclude>
    <ClInclude Include="Utilities\Collision\Core\CollisionDirection.h">
      <Filter>YEngine\Utilities\Collision\Core</Filter>
    </ClInclude>
    <ClInclude Include="Utilities\Collision\Core\CollisionManager.h">
      <Filter>YEngine\Utilities\Collision\Core</Filter>
    </ClInclude>
    <ClInclude Include="Utilities\Collision\Core\CollisionTypeIdDef.h">
      <Filter>YEngine\Utilities\Collision\Core</Filter>
    </ClInclude>
    <ClInclude Include="Utilities\Collision\Core\ContactRecord.h">
      <Filter>YEngine\Utilities\Collision\Core</Filter>
    </ClInclude>
    <ClInclude Include="Utilities\Collision\OBB\OBBCollider.h">
      <Filter>YEngine\Utilities\Collision\OBB</Filter>
    </ClInclude>
    <ClInclude Include="Utilities\Collision\Sphere\SphereCollider.h">
      <Filter>YEngine\Utilities\Collision\Sphere</Filter>
    </ClInclude>
    <ClInclude Include="Utilities\Debugger\ConvertString.h">
      <Filter>YEngine\Utilities\Debugger</Filter>
    </ClInclude>
    <ClInclude Include="Utilities\Debugger\D3DResourceLeakChecker.h">
      <Filter>YEngine\Utilities\Debugger</Filter>
    </ClInclude>
    <ClInclude Include="Utilities\Debugger\DebugConsole.h">
      <Filter>YEngine\Utilities\Debugger</Filter>
    </ClInclude>
    <ClInclude Include="Utilities\Debugger\GizmoController.h">
      <Filter>YEngine\Utilities\Debugger</Filter>
    </ClInclude>
    <ClInclude Include="Utilities\Debugger\ImGuiControlsHelper.h">
      <Filter>YEngine\Utilities\Debugger</Filter>
    </ClInclude>
    <ClInclude Include="Utilities\Debugger\ImGuiManager.h">
      <Filter>YEngine\Utilities\Debugger</Filter>
    </ClInclude>
    <ClInclude Include="Utilities\Debugger\Logger.h">
      <Filter>YEngine\Utilities\Debugger</Filter>
    </ClInclude>
    <ClInclude Include="Utilities\Loaders\Json\ConversionJson.h">
      <Filter>YEngine\Utilities\Loaders\Json</Filter>
    </ClInclude>
    <ClInclude Include="Utilities\Loaders\Json\EnumRegisterMacro.h">
      <Filter>YEngine\Utilities\Loaders\Json</Filter>
    </ClInclude>
    <ClInclude Include="Utilities\Loaders\Json\EnumRegistry.h">
      <Filter>YEngine\Utilities\Loaders\Json</Filter>
    </ClInclude>
    <ClInclude Include="Utilities\Loaders\Json\EnumUtils.h">
      <Filter>YEngine\Utilities\Loaders\Json</Filter>
    </ClInclude>
    <ClInclude Include="Utilities\Loaders\Json\JsonConverters.h">
      <Filter>YEngine\Utilities\Loaders\Json</Filter>
    </ClInclude>
    <ClInclude Include="Utilities\Loaders\Json\JsonManager.h">
      <Filter>YEngine\Utilities\Loaders\Json</Filter>
    </ClInclude>
    <ClInclude Include="Utilities\Loaders\Json\PosetEffectJson.h">
      <Filter>YEngine\Utilities\Loaders\Json</Filter>
    </ClInclude>
    <ClInclude Include="Utilities\Loaders\Json\StructSerializer.h">
      <Filter>YEngine\Utilities\Loaders\Json</Filter>
    </ClInclude>
    <ClInclude Include="Utilities\Loaders\Json\VariableJson.h">
      <Filter>YEngine\Utilities\Loaders\Json</Filter>
    </ClInclude>
    <ClInclude Include="Utilities\Loaders\LevelData\LevelDataLoader.h">
      <Filter>YEngine\Utilities\Loaders\LevelData</Filter>
    </ClInclude>
    <ClInclude Include="Utilities\Loaders\Texture\EnvironmentMap.h">
      <Filter>YEngine\Utilities\Loaders\Texture</Filter>
    </ClInclude>
    <ClInclude Include="Utilities\Loaders\Texture\TextureManager.h">
      <Filter>YEngine\Utilities\Loaders\Texture</Filter>
    </ClInclude>
    <ClInclude Include="Utilities\Systems\Animation\Animation.h">
      <Filter>YEngine\Utilities\Systems\Animation</Filter>
    </ClInclude>
    <ClInclude Include="Utilities\Systems\Animation\AnimationDefines.h">
      <Filter>YEngine\Utilities\Systems\Animation</Filter>
    </ClInclude>
    <ClInclude Include="Utilities\Systems\Animation\AnimationSystem.h">
      <Filter>YEngine\Utilities\Systems\Animation</Filter>
    </ClInclude>
    <ClInclude Include="Utilities\Systems\Audio\Audio.h">
      <Filter>YEngine\Utilities\Systems\Audio</Filter>
    </ClInclude>
    <ClInclude Include="Utilities\Systems\Camera\Camera.h">
      <Filter>YEngine\Utilities\Systems\Camera</Filter>
    </ClInclude>
    <ClInclude Include="Utilities\Systems\Camera\CameraManager.h">
      <Filter>YEngine\Utilities\Systems\Camera</Filter>
    </ClInclude>
    <ClInclude Include="Utilities\Systems\GameTime\GameTime.h">
      <Filter>YEngine\Utilities\Systems\GameTime</Filter>
    </ClInclude>
    <ClInclude Include="Utilities\Systems\Input\Input.h">
      <Filter>YEngine\Utilities\Systems\Input</Filter>
    </ClInclude>
    <ClInclude Include="Utilities\Systems\MapChip\MapChipCollision.h">
      <Filter>YEngine\Utilities\Systems\MapChip</Filter>
    </ClInclude>
    <ClInclude Include="Utilities\Systems\MapChip\MapChipField.h">
      <Filter>YEngine\Utilities\Systems\MapChip</Filter>
    </ClInclude>
    <ClInclude Include="Utilities\Systems\MapChip\MapChipInfo.h">
      <Filter>YEngine\Utilities\Systems\MapChip</Filter>
    </ClInclude>
    <ClInclude Include="Utilities\Systems\UI\UIBase.h">
      <Filter>YEngine\Utilities\Systems\UI</Filter>
    </ClInclude>
    <ClInclude Include="Utilities\Systems\UI\UIManager.h">
      <Filter>YEngine\Utilities\Systems\UI</Filter>
    </ClInclude>
  </ItemGroup>
  <ItemGroup>
    <ClCompile Include="Core\DirectX\CommandManager.cpp">
      <Filter>YEngine\Core\DirectX</Filter>
    </ClCompile>
    <ClCompile Include="Core\DirectX\DescriptorHeap.cpp">
      <Filter>YEngine\Core\DirectX</Filter>
    </ClCompile>
    <ClCompile Include="Core\DirectX\DeviceManager.cpp">
      <Filter>YEngine\Core\DirectX</Filter>
    </ClCompile>
    <ClCompile Include="Core\DirectX\DirectXCommon.cpp">
      <Filter>YEngine\Core\DirectX</Filter>
    </ClCompile>
    <ClCompile Include="Core\DirectX\DsvManager.cpp">
      <Filter>YEngine\Core\DirectX</Filter>
    </ClCompile>
    <ClCompile Include="Core\DirectX\RtvManager.cpp">
      <Filter>YEngine\Core\DirectX</Filter>
    </ClCompile>
    <ClCompile Include="Core\DirectX\SrvManager.cpp">
      <Filter>YEngine\Core\DirectX</Filter>
    </ClCompile>
    <ClCompile Include="Core\DirectX\SwapChainManager.cpp">
      <Filter>YEngine\Core\DirectX</Filter>
    </ClCompile>
    <ClCompile Include="Core\Editor\Editor.cpp">
      <Filter>YEngine\Core\Editor</Filter>
    </ClCompile>
    <ClCompile Include="Core\Framework\Framework.cpp">
      <Filter>YEngine\Core\Framework</Filter>
    </ClCompile>
    <ClCompile Include="Core\Memory\PoolAllocator.cpp">
      <Filter>YEngine\Core\Memory</Filter>
    </ClCompile>
    <ClCompile Include="Core\SceneSystems\BaseScene.cpp">
      <Filter>YEngine\Core\SceneSystems</Filter>
    </ClCompile>
    <ClCompile Include="Core\SceneSystems\SceneManager.cpp">
      <Filter>YEngine\Core\SceneSystems</Filter>
    </ClCompile>
    <ClCompile Include="Core\SceneSystems\Transitions\Base\ISceneTransition.cpp">
      <Filter>YEngine\Core\SceneSystems\Transitions\Base</Filter>
    </ClCompile>
    <ClCompile Include="Core\SceneSystems\Transitions\Base\TransitionFactory.cpp">
      <Filter>YEngine\Core\SceneSystems\Transitions\Base</Filter>
    </ClCompile>
    <ClCompile Include="Core\SceneSystems\Transitions\Base\TransitionManager.cpp">
      <Filter>YEngine\Core\SceneSystems\Transitions\Base</Filter>
    </ClCompile>
    <ClCompile Include="Core\SceneSystems\Transitions\Fade\Fade.cpp">
      <Filter>YEngine\Core\SceneSystems\Transitions\Fade</Filter>
    </ClCompile>
    <ClCompile Include="Core\SceneSystems\Transitions\Fade\FadeTransition.cpp">
      <Filter>YEngine\Core\SceneSystems\Transitions\Fade</Filter>
    </ClCompile>
    <ClCompile Include="Core\WinApp\WinApp.cpp">
      <Filter>YEngine\Core\WinApp</Filter>
    </ClCompile>
    <ClCompile Include="Core\YoRigine.cpp">
      <Filter>YEngine\Core</Filter>
    </ClCompile>
    <ClCompile Include="Generators\CubeMap\CubeMap.cpp">
      <Filter>YEngine\Generators\CubeMap</Filter>
    </ClCompile>
    <ClCompile Include="Generators\GPUParticle\GPUEmitter.cpp">
      <Filter>YEngine\Generators\GPUParticle</Filter>
    </ClCompile>
    <ClCompile Include="Generators\GPUParticle\GPUParticle.cpp">
      <Filter>YEngine\Generators\GPUParticle</Filter>
    </ClCompile>
    <ClCompile Include="Generators\GPUParticle\GpuEmitManager.cpp">
      <Filter>YEngine\Generators\GPUParticle</Filter>
    </ClCompile>
    <ClCompile Include="Generators\ModelManipulator\ModelManipulator.cpp">
      <Filter>YEngine\Generators\ModelManipulator</Filter>
    </ClCompile>
    <ClCompile Include="Generators\Object3D\BaseObject.cpp">
      <Filter>YEngine\Generators\Object3D</Filter>
    </ClCompile>
    <ClCompile Include="Generators\Object3D\Object3d.cpp">
      <Filter>YEngine\Generators\Object3D</Filter>
    </ClCompile>
    <ClCompile Include="Generators\Object3D\Object3dCommon.cpp">
      <Filter>YEngine\Generators\Object3D</Filter>
    </ClCompile>
    <ClCompile Include="Generators\Object3D\ObjectManager.cpp">
      <Filter>YEngine\Generators\Object3D</Filter>
    </ClCompile>
    <ClCompile Include="Generators\OffScreen\OffScreen.cpp">
      <Filter>YEngine\Generators\OffScreen</Filter>
    </ClCompile>
    <ClCompile Include="Generators\OffScreen\PostEffectChain.cpp">
      <Filter>YEngine\Generators\OffScreen</Filter>
    </ClCompile>
    <ClCompile Include="Generators\OffScreen\PostEffectManager.cpp">
      <Filter>YEngine\Generators\OffScreen</Filter>
    </ClCompile>
    <ClCompile Include="Generators\Particle\ParticleEditor.cpp">
      <Filter>YEngine\Generators\Particle</Filter>
    </ClCompile>
    <ClCompile Include="Generators\Particle\ParticleEmitter.cpp">
      <Filter>YEngine\Generators\Particle</Filter>
    </ClCompile>
    <ClCompile Include="Generators\Particle\ParticleImGuiHelper.cpp">
      <Filter>YEngine\Generators\Particle</Filter>
    </ClCompile>
    <ClCompile Include="Generators\Particle\ParticleJsonManager.cpp">
      <Filter>YEngine\Generators\Particle</Filter>
    </ClCompile>
    <ClCompile Include="Generators\Particle\ParticleManager.cpp">
      <Filter>YEngine\Generators\Particle</Filter>
    </ClCompile>
    <ClCompile Include="Generators\Particle\ParticleRenderer.cpp">
      <Filter>YEngine\Generators\Particle</Filter>
    </ClCompile>
    <ClCompile Include="Generators\Particle\ParticleSetting.cpp">
      <Filter>YEngine\Generators\Particle</Filter>
    </ClCompile>
    <ClCompile Include="Generators\Particle\ParticleSystem.cpp">
      <Filter>YEngine\Generators\Particle</Filter>
    </ClCompile>
    <ClCompile Include="Generators\Sprite\Sprite.cpp">
      <Filter>YEngine\Generators\Sprite</Filter>
    </ClCompile>
    <ClCompile Include="Generators\Sprite\SpriteCommon.cpp">
      <Filter>YEngine\Generators\Sprite</Filter>
    </ClCompile>
    <ClCompile Include="Graphics\ComputeShaderManager\ComputeShaderManager.cpp">
      <Filter>YEngine\Graphics\ComputeShaderManager</Filter>
    </ClCompile>
    <ClCompile Include="Graphics\Drawer\LineManager\Line.cpp">
      <Filter>YEngine\Graphics\Drawer\LineManager</Filter>
    </ClCompile>
    <ClCompile Include="Graphics\Drawer\LineManager\LineManager.cpp">
      <Filter>YEngine\Graphics\Drawer\LineManager</Filter>
    </ClCompile>
    <ClCompile Include="Graphics\LightManager\LightManager.cpp">
      <Filter>YEngine\Graphics\LightManager</Filter>
    </ClCompile>
    <ClCompile Include="Graphics\PipelineManager\PipelineManager.cpp">
      <Filter>YEngine\Graphics\PipelineManager</Filter>
    </ClCompile>
    <ClCompile Include="Graphics\PipelineManager\ShadowPipeline.cpp">
      <Filter>YEngine\Graphics\PipelineManager</Filter>
    </ClCompile>
    <ClCompile Include="Graphics\WorldTransform\WorldTransform.cpp">
      <Filter>YEngine\Graphics\WorldTransform</Filter>
    </ClCompile>
    <ClCompile Include="Model\Material\Material.cpp">
      <Filter>YEngine\Model\Material</Filter>
    </ClCompile>
    <ClCompile Include="Model\Material\MaterialColor.cpp">
      <Filter>YEngine\Model\Material</Filter>
    </ClCompile>
    <ClCompile Include="Model\Material\MaterialLighting.cpp">
      <Filter>YEngine\Model\Material</Filter>
    </ClCompile>
    <ClCompile Include="Model\Material\MaterialManager.cpp">
      <Filter>YEngine\Model\Material</Filter>
    </ClCompile>
    <ClCompile Include="Model\Material\MaterialUV.cpp">
      <Filter>YEngine\Model\Material</Filter>
    </ClCompile>
    <ClCompile Include="Model\Mesh\Mesh.cpp">
      <Filter>YEngine\Model\Mesh</Filter>
    </ClCompile>
    <ClCompile Include="Model\Mesh\MeshPrimitive.cpp">
      <Filter>YEngine\Model\Mesh</Filter>
    </ClCompile>
    <ClCompile Include="Model\Model.cpp">
      <Filter>YEngine\Model</Filter>
    </ClCompile>
    <ClCompile Include="Model\ModelCommon.cpp">
      <Filter>YEngine\Model</Filter>
    </ClCompile>
    <ClCompile Include="Model\ModelManager.cpp">
      <Filter>YEngine\Model</Filter>
    </ClCompile>
    <ClCompile Include="Model\Motion\Motion.cpp">
      <Filter>YEngine\Model\Motion</Filter>
    </ClCompile>
    <ClCompile Include="Model\Motion\MotionSystem.cpp">
      <Filter>YEngine\Model\Motion</Filter>
    </ClCompile>
    <ClCompile Include="Model\Node\Node.cpp">
      <Filter>YEngine\Model\Node</Filter>
    </ClCompile>
    <ClCompile Include="Model\Skeleton\Joint.cpp">
      <Filter>YEngine\Model\Skeleton</Filter>
    </ClCompile>
    <ClCompile Include="Model\Skeleton\Skeleton.cpp">
      <Filter>YEngine\Model\Skeleton</Filter>
    </ClCompile>
    <ClCompile Include="Model\Skeleton\SkinCluster.cpp">
      <Filter>YEngine\Model\Skeleton</Filter>
    </ClCompile>
    <ClCompile Include="Utilities\Collision\AABB\AABBCollider.cpp">
      <Filter>YEngine\Utilities\Collision\AABB</Filter>
    </ClCompile>
    <ClCompile Include="Utilities\Collision\AreaCollision\Base\AreaManager.cpp">
      <Filter>YEngine\Utilities\Collision\AreaCollision\Base</Filter>
    </ClCompile>
    <ClCompile Include="Utilities\Collision\AreaCollision\Base\BaseArea.cpp">
      <Filter>YEngine\Utilities\Collision\AreaCollision\Base</Filter>
    </ClCompile>
    <ClCompile Include="Utilities\Collision\AreaCollision\CircleArea.cpp">
      <Filter>YEngine\Utilities\Collision\AreaCollision</Filter>
    </ClCompile>
    <ClCompile Include="Utilities\Collision\Core\BaseCollider.cpp">
      <Filter>YEngine\Utilities\Collision\Core</Filter>
    </ClCompile>
    <ClCompile Include="Utilities\Collision\Core\ColliderFactory.cpp">
      <Filter>YEngine\Utilities\Collision\Core</Filter>
    </ClCompile>
    <ClCompile Include="Utilities\Collision\Core\ColliderPool.cpp">
      <Filter>YEngine\Utilities\Collision\Core</Filter>
    </ClCompile>
    <ClCompile Include="Utilities\Collision\Core\CollisionManager.cpp">
      <Filter>YEngine\Utilities\Collision\Core</Filter>
    </ClCompile>
    <ClCompile Include="Utilities\Collision\Core\ContactRecord.cpp">
      <Filter>YEngine\Utilities\Collision\Core</Filter>
    </ClCompile>
    <ClCompile Include="Utilities\Collision\OBB\OBBCollider.cpp">
      <Filter>YEngine\Utilities\Collision\OBB</Filter>
    </ClCompile>
    <ClCompile Include="Utilities\Collision\Sphere\SphereCollider.cpp">
      <Filter>YEngine\Utilities\Collision\Sphere</Filter>
    </ClCompile>
    <ClCompile Include="Utilities\Debugger\D3DResourceLeakChecker.cpp">
      <Filter>YEngine\Utilities\Debugger</Filter>
    </ClCompile>
    <ClCompile Include="Utilities\Debugger\DebugConsole.cpp">
      <Filter>YEngine\Utilities\Debugger</Filter>
    </ClCompile>
    <ClCompile Include="Utilities\Debugger\GizmoController.cpp">
      <Filter>YEngine\Utilities\Debugger</Filter>
    </ClCompile>
    <ClCompile Include="Utilities\Debugger\ImGuiControlsHelper.cpp">
      <Filter>YEngine\Utilities\Debugger</Filter>
    </ClCompile>
    <ClCompile Include="Utilities\Debugger\ImGuiManager.cpp">
      <Filter>YEngine\Utilities\Debugger</Filter>
    </ClCompile>
    <ClCompile Include="Utilities\Loaders\Json\JsonManager.cpp">
      <Filter>YEngine\Utilities\Loaders\Json</Filter>
    </ClCompile>
    <ClCompile Include="Utilities\Loaders\Json\PosetEffectJson.cpp">
      <Filter>YEngine\Utilities\Loaders\Json</Filter>
    </ClCompile>
    <ClCompile Include="Utilities\Loaders\LevelData\LevelDataLoader.cpp">
      <Filter>YEngine\Utilities\Loaders\LevelData</Filter>
    </ClCompile>
    <ClCompile Include="Utilities\Loaders\Texture\EnvironmentMap.cpp">
      <Filter>YEngine\Utilities\Loaders\Texture</Filter>
    </ClCompile>
    <ClCompile Include="Utilities\Loaders\Texture\TextureManager.cpp">
      <Filter>YEngine\Utilities\Loaders\Texture</Filter>
    </ClCompile>
    <ClCompile Include="Utilities\Systems\Animation\Animation.cpp">
      <Filter>YEngine\Utilities\Systems\Animation</Filter>
    </ClCompile>
    <ClCompile Include="Utilities\Systems\Animation\AnimationSystem.cpp">
      <Filter>YEngine\Utilities\Systems\Animation</Filter>
    </ClCompile>
    <ClCompile Include="Utilities\Systems\Audio\Audio.cpp">
      <Filter>YEngine\Utilities\Systems\Audio</Filter>
    </ClCompile>
    <ClCompile Include="Utilities\Systems\Camera\Camera.cpp">
      <Filter>YEngine\Utilities\Systems\Camera</Filter>
    </ClCompile>
    <ClCompile Include="Utilities\Systems\Camera\CameraManager.cpp">
      <Filter>YEngine\Utilities\Systems\Camera</Filter>
    </ClCompile>
    <ClCompile Include="Utilities\Systems\GameTime\GameTime.cpp">
      <Filter>YEngine\Utilities\Systems\GameTime</Filter>
    </ClCompile>
    <ClCompile Include="Utilities\Systems\Input\Input.cpp">
      <Filter>YEngine\Utilities\Systems\Input</Filter>
    </ClCompile>
    <ClCompile Include="Utilities\Systems\MapChip\MapChipCollision.cpp">
      <Filter>YEngine\Utilities\Systems\MapChip</Filter>
    </ClCompile>
    <ClCompile Include="Utilities\Systems\MapChip\MapChipField.cpp">
      <Filter>YEngine\Utilities\Systems\MapChip</Filter>
    </ClCompile>
    <ClCompile Include="Utilities\Systems\MapChip\MapChipInfo.cpp">
      <Filter>YEngine\Utilities\Systems\MapChip</Filter>
    </ClCompile>
    <ClCompile Include="Utilities\Systems\UI\UIBase.cpp">
      <Filter>YEngine\Utilities\Systems\UI</Filter>
    </ClCompile>
    <ClCompile Include="Utilities\Systems\UI\UIManager.cpp">
      <Filter>YEngine\Utilities\Systems\UI</Filter>
    </ClCompile>
  </ItemGroup>
</Project>